Microsoft Visual Studio Solution File, Format Version 12.00
# Visual Studio Version 17
VisualStudioVersion = 17.5.2.0
MinimumVisualStudioVersion = 10.0.40219.1
Project("{FAE04EC0-301F-11D3-BF4B-00C04F79EFBC}") = "AllForOneApiJD", "AllForOneApiJD.csproj", "{A2097F19-0FDF-B59E-DBB5-D0581567C02D}"
EndProject
Global
	GlobalSection(SolutionConfigurationPlatforms) = preSolution
		Debug|Any CPU = Debug|Any CPU
		Release|Any CPU = Release|Any CPU
	EndGlobalSection
	GlobalSection(ProjectConfigurationPlatforms) = postSolution
		{A2097F19-0FDF-B59E-DBB5-D0581567C02D}.Debug|Any CPU.ActiveCfg = Debug|Any CPU
		{A2097F19-0FDF-B59E-DBB5-D0581567C02D}.Debug|Any CPU.Build.0 = Debug|Any CPU
		{A2097F19-0FDF-B59E-DBB5-D0581567C02D}.Release|Any CPU.ActiveCfg = Release|Any CPU
		{A2097F19-0FDF-B59E-DBB5-D0581567C02D}.Release|Any CPU.Build.0 = Release|Any CPU
	EndGlobalSection
	GlobalSection(SolutionProperties) = preSolution
		HideSolutionNode = FALSE
	EndGlobalSection
	GlobalSection(ExtensibilityGlobals) = postSolution
		SolutionGuid = {767685DE-A4ED-4003-B649-744EB4068E60}
	EndGlobalSection
EndGlobal
